
Microsoft Visual Studio Solution File, Format Version 12.00
# Visual Studio Version 17
VisualStudioVersion = 17.0.31903.59
MinimumVisualStudioVersion = 10.0.40219.1
Project("{FAE04EC0-301F-11D3-BF4B-00C04F79EFBC}") = "API", "API\API.csproj", "{C9162F40-F82E-46B6-820F-97C4FB37F339}"
EndProject
Project("{FAE04EC0-301F-11D3-BF4B-00C04F79EFBC}") = "Application", "Application\Application.csproj", "{DBDE369B-035A-4673-9ECF-6B70AD4C68CD}"
EndProject
Project("{FAE04EC0-301F-11D3-BF4B-00C04F79EFBC}") = "Domain", "Domain\Domain.csproj", "{0F827C6F-8C36-41AD-BB3C-AC1ED1D9A15D}"
EndProject
Project("{FAE04EC0-301F-11D3-BF4B-00C04F79EFBC}") = "Persistence", "Persistence\Persistence.csproj", "{69A5B7F2-622A-48FC-AFF1-9D0C00CCE3E1}"
EndProject
Global
	GlobalSection(SolutionConfigurationPlatforms) = preSolution
		Debug|Any CPU = Debug|Any CPU
		Release|Any CPU = Release|Any CPU
	EndGlobalSection
	GlobalSection(SolutionProperties) = preSolution
		HideSolutionNode = FALSE
	EndGlobalSection
	GlobalSection(ProjectConfigurationPlatforms) = postSolution
		{C9162F40-F82E-46B6-820F-97C4FB37F339}.Debug|Any CPU.ActiveCfg = Debug|Any CPU
		{C9162F40-F82E-46B6-820F-97C4FB37F339}.Debug|Any CPU.Build.0 = Debug|Any CPU
		{C9162F40-F82E-46B6-820F-97C4FB37F339}.Release|Any CPU.ActiveCfg = Release|Any CPU
		{C9162F40-F82E-46B6-820F-97C4FB37F339}.Release|Any CPU.Build.0 = Release|Any CPU
		{DBDE369B-035A-4673-9ECF-6B70AD4C68CD}.Debug|Any CPU.ActiveCfg = Debug|Any CPU
		{DBDE369B-035A-4673-9ECF-6B70AD4C68CD}.Debug|Any CPU.Build.0 = Debug|Any CPU
		{DBDE369B-035A-4673-9ECF-6B70AD4C68CD}.Release|Any CPU.ActiveCfg = Release|Any CPU
		{DBDE369B-035A-4673-9ECF-6B70AD4C68CD}.Release|Any CPU.Build.0 = Release|Any CPU
		{0F827C6F-8C36-41AD-BB3C-AC1ED1D9A15D}.Debug|Any CPU.ActiveCfg = Debug|Any CPU
		{0F827C6F-8C36-41AD-BB3C-AC1ED1D9A15D}.Debug|Any CPU.Build.0 = Debug|Any CPU
		{0F827C6F-8C36-41AD-BB3C-AC1ED1D9A15D}.Release|Any CPU.ActiveCfg = Release|Any CPU
		{0F827C6F-8C36-41AD-BB3C-AC1ED1D9A15D}.Release|Any CPU.Build.0 = Release|Any CPU
		{69A5B7F2-622A-48FC-AFF1-9D0C00CCE3E1}.Debug|Any CPU.ActiveCfg = Debug|Any CPU
		{69A5B7F2-622A-48FC-AFF1-9D0C00CCE3E1}.Debug|Any CPU.Build.0 = Debug|Any CPU
		{69A5B7F2-622A-48FC-AFF1-9D0C00CCE3E1}.Release|Any CPU.ActiveCfg = Release|Any CPU
		{69A5B7F2-622A-48FC-AFF1-9D0C00CCE3E1}.Release|Any CPU.Build.0 = Release|Any CPU
	EndGlobalSection
EndGlobal
